dependencies:
- name: common
  repository: https://jasonb5.github.io/charts
  version: 0.1.4
- name: postgresql
  repository: oci://registry-1.docker.io/bitnamicharts
  version: 12.10.2
digest: sha256:67e1ea2ce7a8038c8abfac7230136370bf52b98284d7106fac28f5532aca8b7f
generated: "2024-06-17T23:06:34.793537893-07:00"
