dependencies:
- name: common
  repository: https://jasonb5.github.io/charts
  version: 0.1.5
- name: postgresql
  repository: oci://registry-1.docker.io/bitnamicharts
  version: 12.10.2
digest: sha256:cbe585490d740141f74c27b598f17b73450165229312cded8338e9acaf397bc3
generated: "2024-06-21T02:25:16.690452262-07:00"
