dependencies:
- name: common
  repository: https://jasonb5.github.io/charts
  version: 0.1.3
- name: postgresql
  repository: oci://registry-1.docker.io/bitnamicharts
  version: 14.3.3
digest: sha256:1f5650279ab140161971a09211f6ab6112e59570bc249fc6b32e0236c11bc647
generated: "2024-03-31T16:44:28.440574953-07:00"
